github.com/bytedance/sonic v1.10.2 h1:6iJ6NqdoxCDr6mbY8HPCv1SqA7k0KLuyi4s0D1E09GE=
github.com/bytedance/sonic v1.10.2/go.mod h1:0jwi7ssbZWdzG0kpVDtZ9dVuhzf3BIgpZlJcbHCBeSg=
github.com/chenzhuoyu/base64x v0.0.0-20230717121745-296ad89f973d h1:9ZhUK1VmWT31b7z/8U1xZjCNPpmiTIRg6tXA2Rjabw4=
github.com/chenzhuoyu/base64x v0.0.0-20230717121745-296ad89f973d/go.mod h1:iT88p2AgUYZUzVU/x0tISeHCXzrybHBcdUuWkI4th7kg=
github.com/chenzhuoyu/iasm v0.9.1 h1:DigxWtNxahjnbN9qq3hUe906mTVZEbQ9hQnA4Bk6L3Y=
github.com/chenzhuoyu/iasm v0.9.1/go.mod h1:KcTIHGcXJgCLhqINxZjTvM2O+zjf0/DMhFqFiswX0B08=
github.com/gabriel-vasile/mimetype v1.4.3 h1:in2uZTcidz2xxfmlDWYyvnOv30RuyE9i0oeh1zMCEpY=
github.com/gabriel-vasile/mimetype v1.4.3/go.mod h1:zBps-7DGD3duyTPmPWw8qYE2HNUeba9Jv620G7pjMyW4=
github.com/gin-contrib/cors v1.5.0 h1:4idrb0czcEAKM8Ad80MEFc0Ioj8mcU5VE1gYQLDs/g=
github.com/gin-contrib/cors v1.5.0/go.mod h1:4idrb0czcEAKM8Ad80MEFc0Ioj8mcU5VE1gYQLDs/g=
github.com/gin-gonic/gin v1.9.1 h1:4id/0T47heY/udLl3uYMPvoE4w0yS54lVriABtkqTgw=
github.com/gin-gonic/gin v1.9.1/go.mod h1:4id/0T47heY/udLl3uYMPvoE4w0yS54lVriABtkqTgw=
github.com/go-playground/assert/v2 v2.2.0 h1:JvN8ev+sjW2Pg5zZct7uEOJ6T2ur3c4Ejpltcnkzp4k=
github.com/go-playground/assert/v2 v2.2.0/go.mod h1:10y3Yc4OYoLycJY7HzsTX9mdgTyaDxs//E1BfwpjNBk=
github.com/go-playground/locales v0.14.1 h1:EWaQ/wN4uD81OTPYiMHW/+dtbVcbf3Xp3BqsW01jGg8=
github.com/go-playground/locales v0.14.1/go.mod h1:RhF5z3vDOH77wkUeGCmYi4Ea/c7jNnuninp0frGHokw=
github.com/go-playground/universal-translator v0.18.1 h1:Bcnm0ZwsGyWbCzImXv+pAJnYS9EniLp8ejlvtmfQyE8=
github.com/go-playground/universal-translator v0.18.1/go.mod h1:Bcnm0ZwsGyWbCzImXv+pAJnYS9EniLp8ejlvtmfQyE8=
github.com/go-playground/validator/v10 v10.16.0 h1:RS7tKyhrFhX7I0a6KyTadfVvA+5KbSmEa0dzUTPgeBk=
github.com/go-playground/validator/v10 v10.16.0/go.mod h1:RS7tKyhrFhX7I0a6KyTadfVvA+5KbSmEa0dzUTPgeBk=
github.com/goccy/go-json v0.10.2 h1:CrxCmQqYDcb1lMjRzGA8XZ9fl9pENczmqz8yofGYZUY=
github.com/goccy/go-json v0.10.2/go.mod h1:6d2A9ov+JqlbUXAN0dO0/8b+gOkYgjnR97rxlqeXL58=
github.com/json-iterator/go v1.1.12 h1:PV8peI4a0ysnczgd+LfLykpVRU2uwxlb+K7Qj/HTkWw=
github.com/json-iterator/go v1.1.12/go.mod h1:e30XqBUXCsdezBcd8Kk5QhrjJ2Vt1lKfwh9OPjTN4Bg=
github.com/klauspost/cpuid/v2 v2.2.6 h1:ndNyv040zDGIDh8thQkCxs7K2/8gGvGF3eM13cZEmBg=
github.com/klauspost/cpuid/v2 v2.2.6/go.mod h1:LnuCC2dypVgxP5l7FnWPDmFCMQS11BZvDaHMX1xZPdw=
github.com/leodido/go-urn v1.2.4 h1:XlAE0ddmT99lLXmyGI4b2OzdRvdKWdEsMdSJErFcmUw=
github.com/leodido/go-urn v1.2.4/go.mod h1:7ZrNvdRTxwMkk3RwsUrUpCLzrw5qVv+AE4inS6tW44s=
github.com/lib/pq v1.10.9 h1:W9chB4Kd9VSS2qCE7Zhw7TceNz/Tf4YHtbgKR1td5zA=
github.com/lib/pq v1.10.9/go.mod h1:W9chB4Kd9VSS2qCE7Zhw7TceNz/Tf4YHtbgKR1td5zA=
github.com/mattn/go-isatty v0.0.20 h1:xfD0iDuEKnHzkl9YFB5d2f2dvH3hJbmnY1Oe6WTCB2Y=
github.com/mattn/go-isatty v0.0.20/go.mod h1:yVuAay6d+E2l3KZpdAoIJsRcz/50IhhH2aMWj3nJbuM=
github.com/modern-go/concurrent v0.0.0-20180306012644-bacd9c7ef1dd h1:ZqeYNhU3OHLH3mGKHDcjJRFFRrJa6eAM5H+CtDdOsPc=
github.com/modern-go/concurrent v0.0.0-20180306012644-bacd9c7ef1dd/go.mod h1:6eJBZxSEa32Tf9lS7iR03s4RL/9KIL9WM4HsBBwqwMk=
github.com/modern-go/reflect2 v1.0.2 h1:xBagoLtFs94RxrYK/ANGq8yJhJFimQLjowVM2PJcW64=
github.com/modern-go/reflect2 v1.0.2/go.mod h1:yWxJBsTj6G88xHwp4Ds7JnHU8l31I5XdYllae6GJpy0=
github.com/pelletier/go-toml/v2 v2.1.1 h1:LqaJcFwNMKfZOK3JRudbu+IKNfvp40TXjJ1e1mdPZxY=
github.com/pelletier/go-toml/v2 v2.1.1/go.mod h1:8eHLMw5dDU7wb1xsgsNf5CGuLfY4feN0FVJHVpyymgI=
github.com/twitchyliquid64/golang-asm v0.15.1 h1:SU5vSMR7hnbNxbjZKlkEsE2n2Zvlf8rHjAr0Ejlk6Y0=
github.com/twitchyliquid64/golang-asm v0.15.1/go.mod h1:3JdKrAJ0Fzl0iD8UeINbN0xc3ARRFh3pfFY0F5YAk2M=
github.com/ugorji/go/codec v1.2.12 h1:j4W+tZBzSEg1Hxbt2a3RGrpXGztaZ4ZTHDEsO1PiP4g=
github.com/ugorji/go/codec v1.2.12/go.mod h1:j4W+tZBzSEg1Hxbt2a3RGrpXGztaZ4ZTHDEsO1PiP4g=
golang.org/x/arch v0.6.0 h1:hlcqk42UQUNzZxkxVXuxWVsYbVwxziR7L55es3h7yms=
golang.org/x/arch v0.6.0/go.mod h1:70CdimPBRbCI1rygOg4lM1xaeM2J449+sxCssDWRosO0=
golang.org/x/crypto v0.17.0 h1:r8bRNjZ3yD23H1hlNzz5Cm5gWa3t8tw7bGyk9NW8cd8=
golang.org/x/crypto v0.17.0/go.mod h1:gCAAfMLkwOc0m5P/zzOUPPzE4a0e70E0evc7dlWT8hHs=
golang.org/x/net v0.19.0 h1:zTwKpTd2XuCqf8/Tuc7viBAsilhpWAFehDYn0xEc9pM=
golang.org/x/net v0.19.0/go.mod h1:C4AkB+x/3gcTWAE8An4jkkGzPIJcciY7g9/37lnQClY=
golang.org/x/sys v0.15.0 h1:tv8JKAb9dM47K6IEb+7YkvdUYb5XBy3BzNFoSkj6vf8=
golang.org/x/sys v0.15.0/go.mod h1:tv8JKAb9dM47K6IEb+7YkvdUYb5XBy3BzNFoSkj6vf8=
golang.org/x/text v0.14.0 h1:57P1ETyNKtuQuB0ERHdXExEWHg6kkoH6kxJvahidjJg=
golang.org/x/text v0.14.0/go.mod h1:y4xqOo2d8K+gJunVecKi1YqLkXbGjkq3RVYpiW6Dmrw=
google.golang.org/protobuf v1.31.0 h1:mvTsVifwkAr8mZ/2OKNXdwIHfep394g5hyapgoDKQt8=
google.golang.org/protobuf v1.31.0/go.mod h1:mvTsVifwkAr8mZ/2OKNXdwIHfep394g5hyapgoDKQt8= 